
Microsoft Visual Studio Solution File, Format Version 12.00
# Visual Studio Version 17
VisualStudioVersion = 17.14.36705.20 d17.14
MinimumVisualStudioVersion = 10.0.40219.1
Project("{FAE04EC0-301F-11D3-BF4B-00C04F79EFBC}") = "CGP", "CGP.csproj", "{65AB9B67-5163-4695-B328-FA50C437F53A}"
EndProject
Global
	GlobalSection(SolutionConfigurationPlatforms) = preSolution
		Debug|Any CPU = Debug|Any CPU
		Release|Any CPU = Release|Any CPU
	EndGlobalSection
	GlobalSection(ProjectConfigurationPlatforms) = postSolution
		{65AB9B67-5163-4695-B328-FA50C437F53A}.Debug|Any CPU.ActiveCfg = Debug|Any CPU
		{65AB9B67-5163-4695-B328-FA50C437F53A}.Debug|Any CPU.Build.0 = Debug|Any CPU
		{65AB9B67-5163-4695-B328-FA50C437F53A}.Release|Any CPU.ActiveCfg = Release|Any CPU
		{65AB9B67-5163-4695-B328-FA50C437F53A}.Release|Any CPU.Build.0 = Release|Any CPU
	EndGlobalSection
	GlobalSection(SolutionProperties) = preSolution
		HideSolutionNode = FALSE
	EndGlobalSection
	GlobalSection(ExtensibilityGlobals) = postSolution
		SolutionGuid = {CE52BEA3-00F8-4220-A4A1-3E322B5145B1}
	EndGlobalSection
EndGlobal
